
Microsoft Visual Studio Solution File, Format Version 12.00
# Visual Studio 15
VisualStudioVersion = 15.0.28010.2048
MinimumVisualStudioVersion = 10.0.40219.1
Project("{FAE04EC0-301F-11D3-BF4B-00C04F79EFBC}") = "CheeseMVC", "CheeseMVC\CheeseMVC.csproj", "{8A877B29-7EB2-47F9-8242-A75F55CAE73C}"
EndProject
Global
	GlobalSection(SolutionConfigurationPlatforms) = preSolution
		Debug|Any CPU = Debug|Any CPU
		Release|Any CPU = Release|Any CPU
	EndGlobalSection
	GlobalSection(ProjectConfigurationPlatforms) = postSolution
		{8A877B29-7EB2-47F9-8242-A75F55CAE73C}.Debug|Any CPU.ActiveCfg = Debug|Any CPU
		{8A877B29-7EB2-47F9-8242-A75F55CAE73C}.Debug|Any CPU.Build.0 = Debug|Any CPU
		{8A877B29-7EB2-47F9-8242-A75F55CAE73C}.Release|Any CPU.ActiveCfg = Release|Any CPU
		{8A877B29-7EB2-47F9-8242-A75F55CAE73C}.Release|Any CPU.Build.0 = Release|Any CPU
	EndGlobalSection
	GlobalSection(SolutionProperties) = preSolution
		HideSolutionNode = FALSE
	EndGlobalSection
	GlobalSection(ExtensibilityGlobals) = postSolution
		SolutionGuid = {650C82FE-6163-4146-A4D5-5801B48B4C6C}
	EndGlobalSection
EndGlobal
