
Microsoft Visual Studio Solution File, Format Version 12.00
# Visual Studio 15
VisualStudioVersion = 15.0.28010.2048
MinimumVisualStudioVersion = 10.0.40219.1
Project("{FAE04EC0-301F-11D3-BF4B-00C04F79EFBC}") = "WebApplication1", "WebApplication1\WebApplication1.csproj", "{7B221867-B8A6-479B-83AD-F1B4F914E60B}"
EndProject
Global
	GlobalSection(SolutionConfigurationPlatforms) = preSolution
		Debug|Any CPU = Debug|Any CPU
		Release|Any CPU = Release|Any CPU
	EndGlobalSection
	GlobalSection(ProjectConfigurationPlatforms) = postSolution
		{7B221867-B8A6-479B-83AD-F1B4F914E60B}.Debug|Any CPU.ActiveCfg = Debug|Any CPU
		{7B221867-B8A6-479B-83AD-F1B4F914E60B}.Debug|Any CPU.Build.0 = Debug|Any CPU
		{7B221867-B8A6-479B-83AD-F1B4F914E60B}.Release|Any CPU.ActiveCfg = Release|Any CPU
		{7B221867-B8A6-479B-83AD-F1B4F914E60B}.Release|Any CPU.Build.0 = Release|Any CPU
	EndGlobalSection
	GlobalSection(SolutionProperties) = preSolution
		HideSolutionNode = FALSE
	EndGlobalSection
	GlobalSection(ExtensibilityGlobals) = postSolution
		SolutionGuid = {FDF8EBE6-2AA5-420A-BAAF-E6500366DF78}
	EndGlobalSection
EndGlobal
